// !$*UTF8*$!
{
	archiveVersion = 1;
	classes = {
	};
	objectVersion = 55;
	objects = {

/* Begin PBXBuildFile section */
		304A00DC279D338C0016C864 /* RecipeList.swift in Sources */ = {isa = PBXBuildFile; fileRef = 304A00DB279D338C0016C864 /* RecipeList.swift */; };
		304A00E0279D37A50016C864 /* RecipeView.swift in Sources */ = {isa = PBXBuildFile; fileRef = 304A00DF279D37A50016C864 /* RecipeView.swift */; };
		304A00E3279D42360016C864 /* CategoryView.swift in Sources */ = {isa = PBXBuildFile; fileRef = 304A00E2279D42360016C864 /* CategoryView.swift */; };
		304A2EFC279994A100FDF448 /* RecipeAppApp.swift in Sources */ = {isa = PBXBuildFile; fileRef = 304A2EFB279994A100FDF448 /* RecipeAppApp.swift */; };
		304A2EFE279994A100FDF448 /* ContentView.swift in Sources */ = {isa = PBXBuildFile; fileRef = 304A2EFD279994A100FDF448 /* ContentView.swift */; };
		304A2F00279994A300FDF448 /* Assets.xcassets in Resources */ = {isa = PBXBuildFile; fileRef = 304A2EFF279994A300FDF448 /* Assets.xcassets */; };
		304A2F03279994A300FDF448 /* Preview Assets.xcassets in Resources */ = {isa = PBXBuildFile; fileRef = 304A2F02279994A300FDF448 /* Preview Assets.xcassets */; };
		304A2F12279998B000FDF448 /* HomeView.swift in Sources */ = {isa = PBXBuildFile; fileRef = 304A2F11279998B000FDF448 /* HomeView.swift */; };
		304A2F14279998D900FDF448 /* CategoriesView.swift in Sources */ = {isa = PBXBuildFile; fileRef = 304A2F13279998D900FDF448 /* CategoriesView.swift */; };
		304A2F16279998ED00FDF448 /* NewRecipeView.swift in Sources */ = {isa = PBXBuildFile; fileRef = 304A2F15279998ED00FDF448 /* NewRecipeView.swift */; };
		304A2F18279998FB00FDF448 /* FavoritesView.swift in Sources */ = {isa = PBXBuildFile; fileRef = 304A2F17279998FB00FDF448 /* FavoritesView.swift */; };
		304A2F1A2799990500FDF448 /* SettingsView.swift in Sources */ = {isa = PBXBuildFile; fileRef = 304A2F192799990500FDF448 /* SettingsView.swift */; };
		30BD04BC279C308500EA518E /* TabBar.swift in Sources */ = {isa = PBXBuildFile; fileRef = 30BD04BB279C308500EA518E /* TabBar.swift */; };
		30BD04BE279C3A1C00EA518E /* RecipeModel.swift in Sources */ = {isa = PBXBuildFile; fileRef = 30BD04BD279C3A1C00EA518E /* RecipeModel.swift */; };
		30BD04C0279C6D4900EA518E /* RecipeCard.swift in Sources */ = {isa = PBXBuildFile; fileRef = 30BD04BF279C6D4900EA518E /* RecipeCard.swift */; };
/* End PBXBuildFile section */

/* Begin PBXFileReference section */
		304A00DB279D338C0016C864 /* RecipeList.swift */ = {isa = PBXFileReference; lastKnownFileType = sourcecode.swift; path = RecipeList.swift; sourceTree = "<group>"; };
		304A00DF279D37A50016C864 /* RecipeView.swift */ = {isa = PBXFileReference; lastKnownFileType = sourcecode.swift; path = RecipeView.swift; sourceTree = "<group>"; };
		304A00E2279D42360016C864 /* CategoryView.swift */ = {isa = PBXFileReference; lastKnownFileType = sourcecode.swift; path = CategoryView.swift; sourceTree = "<group>"; };
		304A2EF8279994A100FDF448 /* RecipeApp.app */ = {isa = PBXFileReference; explicitFileType = wrapper.application; includeInIndex = 0; path = RecipeApp.app; sourceTree = BUILT_PRODUCTS_DIR; };
		304A2EFB279994A100FDF448 /* RecipeAppApp.swift */ = {isa = PBXFileReference; lastKnownFileType = sourcecode.swift; path = RecipeAppApp.swift; sourceTree = "<group>"; };
		304A2EFD279994A100FDF448 /* ContentView.swift */ = {isa = PBXFileReference; lastKnownFileType = sourcecode.swift; path = ContentView.swift; sourceTree = "<group>"; };
		304A2EFF279994A300FDF448 /* Assets.xcassets */ = {isa = PBXFileReference; lastKnownFileType = folder.assetcatalog; path = Assets.xcassets; sourceTree = "<group>"; };
		304A2F02279994A300FDF448 /* Preview Assets.xcassets */ = {isa = PBXFileReference; lastKnownFileType = folder.assetcatalog; path = "Preview Assets.xcassets"; sourceTree = "<group>"; };
		304A2F11279998B000FDF448 /* HomeView.swift */ = {isa = PBXFileReference; lastKnownFileType = sourcecode.swift; path = HomeView.swift; sourceTree = "<group>"; };
		304A2F13279998D900FDF448 /* CategoriesView.swift */ = {isa = PBXFileReference; lastKnownFileType = sourcecode.swift; path = CategoriesView.swift; sourceTree = "<group>"; };
		304A2F15279998ED00FDF448 /* NewRecipeView.swift */ = {isa = PBXFileReference; lastKnownFileType = sourcecode.swift; path = NewRecipeView.swift; sourceTree = "<group>"; };
		304A2F17279998FB00FDF448 /* FavoritesView.swift */ = {isa = PBXFileReference; lastKnownFileType = sourcecode.swift; path = FavoritesView.swift; sourceTree = "<group>"; };
		304A2F192799990500FDF448 /* SettingsView.swift */ = {isa = PBXFileReference; lastKnownFileType = sourcecode.swift; path = SettingsView.swift; sourceTree = "<group>"; };
		30BD04BB279C308500EA518E /* TabBar.swift */ = {isa = PBXFileReference; lastKnownFileType = sourcecode.swift; path = TabBar.swift; sourceTree = "<group>"; };
		30BD04BD279C3A1C00EA518E /* RecipeModel.swift */ = {isa = PBXFileReference; lastKnownFileType = sourcecode.swift; path = RecipeModel.swift; sourceTree = "<group>"; };
		30BD04BF279C6D4900EA518E /* RecipeCard.swift */ = {isa = PBXFileReference; lastKnownFileType = sourcecode.swift; path = RecipeCard.swift; sourceTree = "<group>"; };
/* End PBXFileReference section */

/* Begin PBXFrameworksBuildPhase section */
		304A2EF5279994A100FDF448 /* Frameworks */ = {
			isa = PBXFrameworksBuildPhase;
			buildActionMask = 2147483647;
			files = (
			);
			runOnlyForDeploymentPostprocessing = 0;
		};
/* End PBXFrameworksBuildPhase section */

/* Begin PBXGroup section */
		304A2EEF279994A100FDF448 = {
			isa = PBXGroup;
			children = (
				304A2EFA279994A100FDF448 /* RecipeApp */,
				304A2EF9279994A100FDF448 /* Products */,
			);
			sourceTree = "<group>";
		};
		304A2EF9279994A100FDF448 /* Products */ = {
			isa = PBXGroup;
			children = (
				304A2EF8279994A100FDF448 /* RecipeApp.app */,
			);
			name = Products;
			sourceTree = "<group>";
		};
		304A2EFA279994A100FDF448 /* RecipeApp */ = {
			isa = PBXGroup;
			children = (
				304A2F102799983C00FDF448 /* Models */,
				304A2F0F2799983100FDF448 /* ViewModels */,
				304A2EFB279994A100FDF448 /* RecipeAppApp.swift */,
				304A2F0A279997D200FDF448 /* Views */,
				304A2EFF279994A300FDF448 /* Assets.xcassets */,
				304A2F01279994A300FDF448 /* Preview Content */,
			);
			path = RecipeApp;
			sourceTree = "<group>";
		};
		304A2F01279994A300FDF448 /* Preview Content */ = {
			isa = PBXGroup;
			children = (
				304A2F02279994A300FDF448 /* Preview Assets.xcassets */,
			);
			path = "Preview Content";
			sourceTree = "<group>";
		};
		304A2F0A279997D200FDF448 /* Views */ = {
			isa = PBXGroup;
			children = (
				304A2F0E2799981400FDF448 /* Components */,
				304A2F0C279997E900FDF448 /* Detail */,
				304A2F0B279997E200FDF448 /* Main */,
			);
			path = Views;
			sourceTree = "<group>";
		};
		304A2F0B279997E200FDF448 /* Main */ = {
			isa = PBXGroup;
			children = (
				304A2EFD279994A100FDF448 /* ContentView.swift */,
				304A2F11279998B000FDF448 /* HomeView.swift */,
				304A2F13279998D900FDF448 /* CategoriesView.swift */,
				304A2F15279998ED00FDF448 /* NewRecipeView.swift */,
				304A2F17279998FB00FDF448 /* FavoritesView.swift */,
				304A2F192799990500FDF448 /* SettingsView.swift */,
				30BD04BB279C308500EA518E /* TabBar.swift */,
			);
			path = Main;
			sourceTree = "<group>";
		};
		304A2F0C279997E900FDF448 /* Detail */ = {
			isa = PBXGroup;
			children = (
				304A00DF279D37A50016C864 /* RecipeView.swift */,
				304A00E2279D42360016C864 /* CategoryView.swift */,
			);
			path = Detail;
			sourceTree = "<group>";
		};
		304A2F0E2799981400FDF448 /* Components */ = {
			isa = PBXGroup;
			children = (
				30BD04BF279C6D4900EA518E /* RecipeCard.swift */,
				304A00DB279D338C0016C864 /* RecipeList.swift */,
			);
			path = Components;
			sourceTree = "<group>";
		};
		304A2F0F2799983100FDF448 /* ViewModels */ = {
			isa = PBXGroup;
			children = (
			);
			path = ViewModels;
			sourceTree = "<group>";
		};
		304A2F102799983C00FDF448 /* Models */ = {
			isa = PBXGroup;
			children = (
				30BD04BD279C3A1C00EA518E /* RecipeModel.swift */,
			);
			path = Models;
			sourceTree = "<group>";
		};
/* End PBXGroup section */

/* Begin PBXNativeTarget section */
		304A2EF7279994A100FDF448 /* RecipeApp */ = {
			isa = PBXNativeTarget;
			buildConfigurationList = 304A2F06279994A300FDF448 /* Build configuration list for PBXNativeTarget "RecipeApp" */;
			buildPhases = (
				304A2EF4279994A100FDF448 /* Sources */,
				304A2EF5279994A100FDF448 /* Frameworks */,
				304A2EF6279994A100FDF448 /* Resources */,
			);
			buildRules = (
			);
			dependencies = (
			);
			name = RecipeApp;
			productName = RecipeApp;
			productReference = 304A2EF8279994A100FDF448 /* RecipeApp.app */;
			productType = "com.apple.product-type.application";
		};
/* End PBXNativeTarget section */

/* Begin PBXProject section */
		304A2EF0279994A100FDF448 /* Project object */ = {
			isa = PBXProject;
			attributes = {
				BuildIndependentTargetsInParallel = 1;
				LastSwiftUpdateCheck = 1320;
				LastUpgradeCheck = 1320;
				TargetAttributes = {
					304A2EF7279994A100FDF448 = {
						CreatedOnToolsVersion = 13.2.1;
					};
				};
			};
			buildConfigurationList = 304A2EF3279994A100FDF448 /* Build configuration list for PBXProject "RecipeApp" */;
			compatibilityVersion = "Xcode 13.0";
			developmentRegion = en;
			hasScannedForEncodings = 0;
			knownRegions = (
				en,
				Base,
			);
			mainGroup = 304A2EEF279994A100FDF448;
			productRefGroup = 304A2EF9279994A100FDF448 /* Products */;
			projectDirPath = "";
			projectRoot = "";
			targets = (
				304A2EF7279994A100FDF448 /* RecipeApp */,
			);
		};
/* End PBXProject section */

/* Begin PBXResourcesBuildPhase section */
		304A2EF6279994A100FDF448 /* Resources */ = {
			isa = PBXResourcesBuildPhase;
			buildActionMask = 2147483647;
			files = (
				304A2F03279994A300FDF448 /* Preview Assets.xcassets in Resources */,
				304A2F00279994A300FDF448 /* Assets.xcassets in Resources */,
			);
			runOnlyForDeploymentPostprocessing = 0;
		};
/* End PBXResourcesBuildPhase section */

/* Begin PBXSourcesBuildPhase section */
		304A2EF4279994A100FDF448 /* Sources */ = {
			isa = PBXSourcesBuildPhase;
			buildActionMask = 2147483647;
			files = (
				304A2F1A2799990500FDF448 /* SettingsView.swift in Sources */,
				30BD04C0279C6D4900EA518E /* RecipeCard.swift in Sources */,
				304A2F14279998D900FDF448 /* CategoriesView.swift in Sources */,
				304A2F16279998ED00FDF448 /* NewRecipeView.swift in Sources */,
				30BD04BC279C308500EA518E /* TabBar.swift in Sources */,
				304A00E3279D42360016C864 /* CategoryView.swift in Sources */,
				304A2F18279998FB00FDF448 /* FavoritesView.swift in Sources */,
				304A00E0279D37A50016C864 /* RecipeView.swift in Sources */,
				304A00DC279D338C0016C864 /* RecipeList.swift in Sources */,
				304A2F12279998B000FDF448 /* HomeView.swift in Sources */,
				304A2EFE279994A100FDF448 /* ContentView.swift in Sources */,
				304A2EFC279994A100FDF448 /* RecipeAppApp.swift in Sources */,
				30BD04BE279C3A1C00EA518E /* RecipeModel.swift in Sources */,
			);
			runOnlyForDeploymentPostprocessing = 0;
		};
/* End PBXSourcesBuildPhase section */

/* Begin XCBuildConfiguration section */
		304A2F04279994A300FDF448 /* Debug */ = {
			isa = XCBuildConfiguration;
			buildSettings = {
				ALWAYS_SEARCH_USER_PATHS = NO;
				CLANG_ANALYZER_NONNULL = YES;
				CLANG_ANALYZER_NUMBER_OBJECT_CONVERSION = YES_AGGRESSIVE;
				CLANG_CXX_LANGUAGE_STANDARD = "gnu++17";
				CLANG_CXX_LIBRARY = "libc++";
				CLANG_ENABLE_MODULES = YES;
				CLANG_ENABLE_OBJC_ARC = YES;
				CLANG_ENABLE_OBJC_WEAK = YES;
				CLANG_WARN_BLOCK_CAPTURE_AUTORELEASING = YES;
				CLANG_WARN_BOOL_CONVERSION = YES;
				CLANG_WARN_COMMA = YES;
				CLANG_WARN_CONSTANT_CONVERSION = YES;
				CLANG_WARN_DEPRECATED_OBJC_IMPLEMENTATIONS = YES;
				CLANG_WARN_DIRECT_OBJC_ISA_USAGE = YES_ERROR;
				CLANG_WARN_DOCUMENTATION_COMMENTS = YES;
				CLANG_WARN_EMPTY_BODY = YES;
				CLANG_WARN_ENUM_CONVERSION = YES;
				CLANG_WARN_INFINITE_RECURSION = YES;
				CLANG_WARN_INT_CONVERSION = YES;
				CLANG_WARN_NON_LITERAL_NULL_CONVERSION = YES;
				CLANG_WARN_OBJC_IMPLICIT_RETAIN_SELF = YES;
				CLANG_WARN_OBJC_LITERAL_CONVERSION = YES;
				CLANG_WARN_OBJC_ROOT_CLASS = YES_ERROR;
				CLANG_WARN_QUOTED_INCLUDE_IN_FRAMEWORK_HEADER = YES;
				CLANG_WARN_RANGE_LOOP_ANALYSIS = YES;
				CLANG_WARN_STRICT_PROTOTYPES = YES;
				CLANG_WARN_SUSPICIOUS_MOVE = YES;
				CLANG_WARN_UNGUARDED_AVAILABILITY = YES_AGGRESSIVE;
				CLANG_WARN_UNREACHABLE_CODE = YES;
				CLANG_WARN__DUPLICATE_METHOD_MATCH = YES;
				COPY_PHASE_STRIP = NO;
				DEBUG_INFORMATION_FORMAT = dwarf;
				ENABLE_STRICT_OBJC_MSGSEND = YES;
				ENABLE_TESTABILITY = YES;
				GCC_C_LANGUAGE_STANDARD = gnu11;
				GCC_DYNAMIC_NO_PIC = NO;
				GCC_NO_COMMON_BLOCKS = YES;
				GCC_OPTIMIZATION_LEVEL = 0;
				GCC_PREPROCESSOR_DEFINITIONS = (
					"DEBUG=1",
					"$(inherited)",
				);
				GCC_WARN_64_TO_32_BIT_CONVERSION = YES;
				GCC_WARN_ABOUT_RETURN_TYPE = YES_ERROR;
				GCC_WARN_UNDECLARED_SELECTOR = YES;
				GCC_WARN_UNINITIALIZED_AUTOS = YES_AGGRESSIVE;
				GCC_WARN_UNUSED_FUNCTION = YES;
				GCC_WARN_UNUSED_VARIABLE = YES;
				IPHONEOS_DEPLOYMENT_TARGET = 15.2;
				MTL_ENABLE_DEBUG_INFO = INCLUDE_SOURCE;
				MTL_FAST_MATH = YES;
				ONLY_ACTIVE_ARCH = YES;
				SDKROOT = iphoneos;
				SWIFT_ACTIVE_COMPILATION_CONDITIONS = DEBUG;
				SWIFT_OPTIMIZATION_LEVEL = "-Onone";
			};
			name = Debug;
		};
		304A2F05279994A300FDF448 /* Release */ = {
			isa = XCBuildConfiguration;
			buildSettings = {
				ALWAYS_SEARCH_USER_PATHS = NO;
				CLANG_ANALYZER_NONNULL = YES;
				CLANG_ANALYZER_NUMBER_OBJECT_CONVERSION = YES_AGGRESSIVE;
				CLANG_CXX_LANGUAGE_STANDARD = "gnu++17";
				CLANG_CXX_LIBRARY = "libc++";
				CLANG_ENABLE_MODULES = YES;
				CLANG_ENABLE_OBJC_ARC = YES;
				CLANG_ENABLE_OBJC_WEAK = YES;
				CLANG_WARN_BLOCK_CAPTURE_AUTORELEASING = YES;
				CLANG_WARN_BOOL_CONVERSION = YES;
				CLANG_WARN_COMMA = YES;
				CLANG_WARN_CONSTANT_CONVERSION = YES;
				CLANG_WARN_DEPRECATED_OBJC_IMPLEMENTATIONS = YES;
				CLANG_WARN_DIRECT_OBJC_ISA_USAGE = YES_ERROR;
				CLANG_WARN_DOCUMENTATION_COMMENTS = YES;
				CLANG_WARN_EMPTY_BODY = YES;
				CLANG_WARN_ENUM_CONVERSION = YES;
				CLANG_WARN_INFINITE_RECURSION = YES;
				CLANG_WARN_INT_CONVERSION = YES;
				CLANG_WARN_NON_LITERAL_NULL_CONVERSION = YES;
				CLANG_WARN_OBJC_IMPLICIT_RETAIN_SELF = YES;
				CLANG_WARN_OBJC_LITERAL_CONVERSION = YES;
				CLANG_WARN_OBJC_ROOT_CLASS = YES_ERROR;
				CLANG_WARN_QUOTED_INCLUDE_IN_FRAMEWORK_HEADER = YES;
				CLANG_WARN_RANGE_LOOP_ANALYSIS = YES;
				CLANG_WARN_STRICT_PROTOTYPES = YES;
				CLANG_WARN_SUSPICIOUS_MOVE = YES;
				CLANG_WARN_UNGUARDED_AVAILABILITY = YES_AGGRESSIVE;
				CLANG_WARN_UNREACHABLE_CODE = YES;
				CLANG_WARN__DUPLICATE_METHOD_MATCH = YES;
				COPY_PHASE_STRIP = NO;
				DEBUG_INFORMATION_FORMAT = "dwarf-with-dsym";
				ENABLE_NS_ASSERTIONS = NO;
				ENABLE_STRICT_OBJC_MSGSEND = YES;
				GCC_C_LANGUAGE_STANDARD = gnu11;
				GCC_NO_COMMON_BLOCKS = YES;
				GCC_WARN_64_TO_32_BIT_CONVERSION = YES;
				GCC_WARN_ABOUT_RETURN_TYPE = YES_ERROR;
				GCC_WARN_UNDECLARED_SELECTOR = YES;
				GCC_WARN_UNINITIALIZED_AUTOS = YES_AGGRESSIVE;
				GCC_WARN_UNUSED_FUNCTION = YES;
				GCC_WARN_UNUSED_VARIABLE = YES;
				IPHONEOS_DEPLOYMENT_TARGET = 15.2;
				MTL_ENABLE_DEBUG_INFO = NO;
				MTL_FAST_MATH = YES;
				SDKROOT = iphoneos;
				SWIFT_COMPILATION_MODE = wholemodule;
				SWIFT_OPTIMIZATION_LEVEL = "-O";
				VALIDATE_PRODUCT = YES;
			};
			name = Release;
		};
		304A2F07279994A300FDF448 /* Debug */ = {
			isa = XCBuildConfiguration;
			buildSettings = {
				ASSETCATALOG_COMPILER_APPICON_NAME = AppIcon;
				ASSETCATALOG_COMPILER_GLOBAL_ACCENT_COLOR_NAME = AccentColor;
				CODE_SIGN_STYLE = Automatic;
				CURRENT_PROJECT_VERSION = 1;
				DEVELOPMENT_ASSET_PATHS = "\"RecipeApp/Preview Content\"";
				DEVELOPMENT_TEAM = SK3K94A7KM;
				ENABLE_PREVIEWS = YES;
				GENERATE_INFOPLIST_FILE = YES;
				INFOPLIST_KEY_UIApplicationSceneManifest_Generation = YES;
				INFOPLIST_KEY_UIApplicationSupportsIndirectInputEvents = YES;
				INFOPLIST_KEY_UILaunchScreen_Generation = YES;
				INFOPLIST_KEY_UISupportedInterfaceOrientations_iPad = "UIInterfaceOrientationPortrait UIInterfaceOrientationPortraitUpsideDown UIInterfaceOrientationLandscapeLeft UIInterfaceOrientationLandscapeRight";
				INFOPLIST_KEY_UISupportedInterfaceOrientations_iPhone = "UIInterfaceOrientationPortrait UIInterfaceOrientationLandscapeLeft UIInterfaceOrientationLandscapeRight";
				LD_RUNPATH_SEARCH_PATHS = (
					"$(inherited)",
					"@executable_path/Frameworks",
				);
				MARKETING_VERSION = 1.0;
				PRODUCT_BUNDLE_IDENTIFIER = rii.RecipeApp;
				PRODUCT_NAME = "$(TARGET_NAME)";
				SWIFT_EMIT_LOC_STRINGS = YES;
				SWIFT_VERSION = 5.0;
				TARGETED_DEVICE_FAMILY = "1,2";
			};
			name = Debug;
		};
		304A2F08279994A300FDF448 /* Release */ = {
			isa = XCBuildConfiguration;
			buildSettings = {
				ASSETCATALOG_COMPILER_APPICON_NAME = AppIcon;
				ASSETCATALOG_COMPILER_GLOBAL_ACCENT_COLOR_NAME = AccentColor;
				CODE_SIGN_STYLE = Automatic;
				CURRENT_PROJECT_VERSION = 1;
				DEVELOPMENT_ASSET_PATHS = "\"RecipeApp/Preview Content\"";
				DEVELOPMENT_TEAM = SK3K94A7KM;
				ENABLE_PREVIEWS = YES;
				GENERATE_INFOPLIST_FILE = YES;
				INFOPLIST_KEY_UIApplicationSceneManifest_Generation = YES;
				INFOPLIST_KEY_UIApplicationSupportsIndirectInputEvents = YES;
				INFOPLIST_KEY_UILaunchScreen_Generation = YES;
				INFOPLIST_KEY_UISupportedInterfaceOrientations_iPad = "UIInterfaceOrientationPortrait UIInterfaceOrientationPortraitUpsideDown UIInterfaceOrientationLandscapeLeft UIInterfaceOrientationLandscapeRight";
				INFOPLIST_KEY_UISupportedInterfaceOrientations_iPhone = "UIInterfaceOrientationPortrait UIInterfaceOrientationLandscapeLeft UIInterfaceOrientationLandscapeRight";
				LD_RUNPATH_SEARCH_PATHS = (
					"$(inherited)",
					"@executable_path/Frameworks",
				);
				MARKETING_VERSION = 1.0;
				PRODUCT_BUNDLE_IDENTIFIER = rii.RecipeApp;
				PRODUCT_NAME = "$(TARGET_NAME)";
				SWIFT_EMIT_LOC_STRINGS = YES;
				SWIFT_VERSION = 5.0;
				TARGETED_DEVICE_FAMILY = "1,2";
			};
			name = Release;
		};
/* End XCBuildConfiguration section */

/* Begin XCConfigurationList section */
		304A2EF3279994A100FDF448 /* Build configuration list for PBXProject "RecipeApp" */ = {
			isa = XCConfigurationList;
			buildConfigurations = (
				304A2F04279994A300FDF448 /* Debug */,
				304A2F05279994A300FDF448 /* Release */,
			);
			defaultConfigurationIsVisible = 0;
			defaultConfigurationName = Release;
		};
		304A2F06279994A300FDF448 /* Build configuration list for PBXNativeTarget "RecipeApp" */ = {
			isa = XCConfigurationList;
			buildConfigurations = (
				304A2F07279994A300FDF448 /* Debug */,
				304A2F08279994A300FDF448 /* Release */,
			);
			defaultConfigurationIsVisible = 0;
			defaultConfigurationName = Release;
		};
/* End XCConfigurationList section */
	};
	rootObject = 304A2EF0279994A100FDF448 /* Project object */;
}
